// !$*UTF8*$!
{
	archiveVersion = 1;
	classes = {
	};
	objectVersion = 50;
	objects = {

/* Begin PBXBuildFile section */
		D40B1A6225C6F1A000D56A73 /* TripCollectionViewCell.swift in Sources */ = {isa = PBXBuildFile; fileRef = D40B1A6125C6F1A000D56A73 /* TripCollectionViewCell.swift */; };
		D40B1A6525C6FBAD00D56A73 /* Destination.swift in Sources */ = {isa = PBXBuildFile; fileRef = D40B1A6425C6FBAD00D56A73 /* Destination.swift */; };
		D4A7A5D725C6D6F200584B00 /* AppDelegate.swift in Sources */ = {isa = PBXBuildFile; fileRef = D4A7A5D625C6D6F200584B00 /* AppDelegate.swift */; };
		D4A7A5D925C6D6F200584B00 /* SceneDelegate.swift in Sources */ = {isa = PBXBuildFile; fileRef = D4A7A5D825C6D6F200584B00 /* SceneDelegate.swift */; };
		D4A7A5DB25C6D6F200584B00 /* TripViewController.swift in Sources */ = {isa = PBXBuildFile; fileRef = D4A7A5DA25C6D6F200584B00 /* TripViewController.swift */; };
		D4A7A5DE25C6D6F200584B00 /* Main.storyboard in Resources */ = {isa = PBXBuildFile; fileRef = D4A7A5DC25C6D6F200584B00 /* Main.storyboard */; };
		D4A7A5E025C6D6F700584B00 /* Assets.xcassets in Resources */ = {isa = PBXBuildFile; fileRef = D4A7A5DF25C6D6F700584B00 /* Assets.xcassets */; };
		D4A7A5E325C6D6F700584B00 /* LaunchScreen.storyboard in Resources */ = {isa = PBXBuildFile; fileRef = D4A7A5E125C6D6F700584B00 /* LaunchScreen.storyboard */; };
		D982C9CF25C94A6C00B060BA /* Extensions.swift in Sources */ = {isa = PBXBuildFile; fileRef = D982C9CE25C94A6C00B060BA /* Extensions.swift */; };
/* End PBXBuildFile section */

/* Begin PBXFileReference section */
		D40B1A6125C6F1A000D56A73 /* TripCollectionViewCell.swift */ = {isa = PBXFileReference; lastKnownFileType = sourcecode.swift; path = TripCollectionViewCell.swift; sourceTree = "<group>"; };
		D40B1A6425C6FBAD00D56A73 /* Destination.swift */ = {isa = PBXFileReference; lastKnownFileType = sourcecode.swift; path = Destination.swift; sourceTree = "<group>"; };
		D4A7A5D325C6D6F200584B00 /* CarouselApp.app */ = {isa = PBXFileReference; explicitFileType = wrapper.application; includeInIndex = 0; path = CarouselApp.app; sourceTree = BUILT_PRODUCTS_DIR; };
		D4A7A5D625C6D6F200584B00 /* AppDelegate.swift */ = {isa = PBXFileReference; lastKnownFileType = sourcecode.swift; path = AppDelegate.swift; sourceTree = "<group>"; };
		D4A7A5D825C6D6F200584B00 /* SceneDelegate.swift */ = {isa = PBXFileReference; lastKnownFileType = sourcecode.swift; path = SceneDelegate.swift; sourceTree = "<group>"; };
		D4A7A5DA25C6D6F200584B00 /* TripViewController.swift */ = {isa = PBXFileReference; lastKnownFileType = sourcecode.swift; path = TripViewController.swift; sourceTree = "<group>"; };
		D4A7A5DD25C6D6F200584B00 /* Base */ = {isa = PBXFileReference; lastKnownFileType = file.storyboard; name = Base; path = Base.lproj/Main.storyboard; sourceTree = "<group>"; };
		D4A7A5DF25C6D6F700584B00 /* Assets.xcassets */ = {isa = PBXFileReference; lastKnownFileType = folder.assetcatalog; path = Assets.xcassets; sourceTree = "<group>"; };
		D4A7A5E225C6D6F700584B00 /* Base */ = {isa = PBXFileReference; lastKnownFileType = file.storyboard; name = Base; path = Base.lproj/LaunchScreen.storyboard; sourceTree = "<group>"; };
		D4A7A5E425C6D6F700584B00 /* Info.plist */ = {isa = PBXFileReference; lastKnownFileType = text.plist.xml; path = Info.plist; sourceTree = "<group>"; };
		D982C9CE25C94A6C00B060BA /* Extensions.swift */ = {isa = PBXFileReference; lastKnownFileType = sourcecode.swift; path = Extensions.swift; sourceTree = "<group>"; };
/* End PBXFileReference section */

/* Begin PBXFrameworksBuildPhase section */
		D4A7A5D025C6D6F200584B00 /* Frameworks */ = {
			isa = PBXFrameworksBuildPhase;
			buildActionMask = 2147483647;
			files = (
			);
			runOnlyForDeploymentPostprocessing = 0;
		};
/* End PBXFrameworksBuildPhase section */

/* Begin PBXGroup section */
		D4A7A5CA25C6D6F100584B00 = {
			isa = PBXGroup;
			children = (
				D4A7A5D525C6D6F200584B00 /* CarouselApp */,
				D4A7A5D425C6D6F200584B00 /* Products */,
			);
			sourceTree = "<group>";
		};
		D4A7A5D425C6D6F200584B00 /* Products */ = {
			isa = PBXGroup;
			children = (
				D4A7A5D325C6D6F200584B00 /* CarouselApp.app */,
			);
			name = Products;
			sourceTree = "<group>";
		};
		D4A7A5D525C6D6F200584B00 /* CarouselApp */ = {
			isa = PBXGroup;
			children = (
				D982C9CC25C94A5A00B060BA /* TripViewController */,
				D982C9D525C94BF600B060BA /* Collections */,
				D982C9D325C94BEE00B060BA /* Model */,
				D4A7A5D625C6D6F200584B00 /* AppDelegate.swift */,
				D4A7A5D825C6D6F200584B00 /* SceneDelegate.swift */,
				D4A7A5DC25C6D6F200584B00 /* Main.storyboard */,
				D4A7A5DF25C6D6F700584B00 /* Assets.xcassets */,
				D4A7A5E125C6D6F700584B00 /* LaunchScreen.storyboard */,
				D4A7A5E425C6D6F700584B00 /* Info.plist */,
			);
			path = CarouselApp;
			sourceTree = "<group>";
		};
		D982C9CC25C94A5A00B060BA /* TripViewController */ = {
			isa = PBXGroup;
			children = (
				D4A7A5DA25C6D6F200584B00 /* TripViewController.swift */,
				D982C9D125C94A7300B060BA /* Extensions */,
			);
			path = TripViewController;
			sourceTree = "<group>";
		};
		D982C9D125C94A7300B060BA /* Extensions */ = {
			isa = PBXGroup;
			children = (
				D982C9CE25C94A6C00B060BA /* Extensions.swift */,
			);
			path = Extensions;
			sourceTree = "<group>";
		};
		D982C9D325C94BEE00B060BA /* Model */ = {
			isa = PBXGroup;
			children = (
				D40B1A6425C6FBAD00D56A73 /* Destination.swift */,
			);
			path = Model;
			sourceTree = "<group>";
		};
		D982C9D525C94BF600B060BA /* Collections */ = {
			isa = PBXGroup;
			children = (
				D40B1A6125C6F1A000D56A73 /* TripCollectionViewCell.swift */,
			);
			path = Collections;
			sourceTree = "<group>";
		};
/* End PBXGroup section */

/* Begin PBXNativeTarget section */
		D4A7A5D225C6D6F200584B00 /* CarouselApp */ = {
			isa = PBXNativeTarget;
			buildConfigurationList = D4A7A5E725C6D6F700584B00 /* Build configuration list for PBXNativeTarget "CarouselApp" */;
			buildPhases = (
				D4A7A5CF25C6D6F200584B00 /* Sources */,
				D4A7A5D025C6D6F200584B00 /* Frameworks */,
				D4A7A5D125C6D6F200584B00 /* Resources */,
			);
			buildRules = (
			);
			dependencies = (
			);
			name = CarouselApp;
			productName = TripCard;
			productReference = D4A7A5D325C6D6F200584B00 /* CarouselApp.app */;
			productType = "com.apple.product-type.application";
		};
/* End PBXNativeTarget section */

/* Begin PBXProject section */
		D4A7A5CB25C6D6F100584B00 /* Project object */ = {
			isa = PBXProject;
			attributes = {
				LastSwiftUpdateCheck = 1230;
				LastUpgradeCheck = 1230;
				TargetAttributes = {
					D4A7A5D225C6D6F200584B00 = {
						CreatedOnToolsVersion = 12.3;
					};
				};
			};
			buildConfigurationList = D4A7A5CE25C6D6F200584B00 /* Build configuration list for PBXProject "CarouselApp" */;
			compatibilityVersion = "Xcode 9.3";
			developmentRegion = en;
			hasScannedForEncodings = 0;
			knownRegions = (
				en,
				Base,
			);
			mainGroup = D4A7A5CA25C6D6F100584B00;
			productRefGroup = D4A7A5D425C6D6F200584B00 /* Products */;
			projectDirPath = "";
			projectRoot = "";
			targets = (
				D4A7A5D225C6D6F200584B00 /* CarouselApp */,
			);
		};
/* End PBXProject section */

/* Begin PBXResourcesBuildPhase section */
		D4A7A5D125C6D6F200584B00 /* Resources */ = {
			isa = PBXResourcesBuildPhase;
			buildActionMask = 2147483647;
			files = (
				D4A7A5E325C6D6F700584B00 /* LaunchScreen.storyboard in Resources */,
				D4A7A5E025C6D6F700584B00 /* Assets.xcassets in Resources */,
				D4A7A5DE25C6D6F200584B00 /* Main.storyboard in Resources */,
			);
			runOnlyForDeploymentPostprocessing = 0;
		};
/* End PBXResourcesBuildPhase section */

/* Begin PBXSourcesBuildPhase section */
		D4A7A5CF25C6D6F200584B00 /* Sources */ = {
			isa = PBXSourcesBuildPhase;
			buildActionMask = 2147483647;
			files = (
				D40B1A6525C6FBAD00D56A73 /* Destination.swift in Sources */,
				D982C9CF25C94A6C00B060BA /* Extensions.swift in Sources */,
				D4A7A5DB25C6D6F200584B00 /* TripViewController.swift in Sources */,
				D40B1A6225C6F1A000D56A73 /* TripCollectionViewCell.swift in Sources */,
				D4A7A5D725C6D6F200584B00 /* AppDelegate.swift in Sources */,
				D4A7A5D925C6D6F200584B00 /* SceneDelegate.swift in Sources */,
			);
			runOnlyForDeploymentPostprocessing = 0;
		};
/* End PBXSourcesBuildPhase section */

/* Begin PBXVariantGroup section */
		D4A7A5DC25C6D6F200584B00 /* Main.storyboard */ = {
			isa = PBXVariantGroup;
			children = (
				D4A7A5DD25C6D6F200584B00 /* Base */,
			);
			name = Main.storyboard;
			sourceTree = "<group>";
		};
		D4A7A5E125C6D6F700584B00 /* LaunchScreen.storyboard */ = {
			isa = PBXVariantGroup;
			children = (
				D4A7A5E225C6D6F700584B00 /* Base */,
			);
			name = LaunchScreen.storyboard;
			sourceTree = "<group>";
		};
/* End PBXVariantGroup section */

/* Begin XCBuildConfiguration section */
		D4A7A5E525C6D6F700584B00 /* Debug */ = {
			isa = XCBuildConfiguration;
			buildSettings = {
				ALWAYS_SEARCH_USER_PATHS = NO;
				CLANG_ANALYZER_NONNULL = YES;
				CLANG_ANALYZER_NUMBER_OBJECT_CONVERSION = YES_AGGRESSIVE;
				CLANG_CXX_LANGUAGE_STANDARD = "gnu++14";
				CLANG_CXX_LIBRARY = "libc++";
				CLANG_ENABLE_MODULES = YES;
				CLANG_ENABLE_OBJC_ARC = YES;
				CLANG_ENABLE_OBJC_WEAK = YES;
				CLANG_WARN_BLOCK_CAPTURE_AUTORELEASING = YES;
				CLANG_WARN_BOOL_CONVERSION = YES;
				CLANG_WARN_COMMA = YES;
				CLANG_WARN_CONSTANT_CONVERSION = YES;
				CLANG_WARN_DEPRECATED_OBJC_IMPLEMENTATIONS = YES;
				CLANG_WARN_DIRECT_OBJC_ISA_USAGE = YES_ERROR;
				CLANG_WARN_DOCUMENTATION_COMMENTS = YES;
				CLANG_WARN_EMPTY_BODY = YES;
				CLANG_WARN_ENUM_CONVERSION = YES;
				CLANG_WARN_INFINITE_RECURSION = YES;
				CLANG_WARN_INT_CONVERSION = YES;
				CLANG_WARN_NON_LITERAL_NULL_CONVERSION = YES;
				CLANG_WARN_OBJC_IMPLICIT_RETAIN_SELF = YES;
				CLANG_WARN_OBJC_LITERAL_CONVERSION = YES;
				CLANG_WARN_OBJC_ROOT_CLASS = YES_ERROR;
				CLANG_WARN_QUOTED_INCLUDE_IN_FRAMEWORK_HEADER = YES;
				CLANG_WARN_RANGE_LOOP_ANALYSIS = YES;
				CLANG_WARN_STRICT_PROTOTYPES = YES;
				CLANG_WARN_SUSPICIOUS_MOVE = YES;
				CLANG_WARN_UNGUARDED_AVAILABILITY = YES_AGGRESSIVE;
				CLANG_WARN_UNREACHABLE_CODE = YES;
				CLANG_WARN__DUPLICATE_METHOD_MATCH = YES;
				COPY_PHASE_STRIP = NO;
				DEBUG_INFORMATION_FORMAT = dwarf;
				ENABLE_STRICT_OBJC_MSGSEND = YES;
				ENABLE_TESTABILITY = YES;
				GCC_C_LANGUAGE_STANDARD = gnu11;
				GCC_DYNAMIC_NO_PIC = NO;
				GCC_NO_COMMON_BLOCKS = YES;
				GCC_OPTIMIZATION_LEVEL = 0;
				GCC_PREPROCESSOR_DEFINITIONS = (
					"DEBUG=1",
					"$(inherited)",
				);
				GCC_WARN_64_TO_32_BIT_CONVERSION = YES;
				GCC_WARN_ABOUT_RETURN_TYPE = YES_ERROR;
				GCC_WARN_UNDECLARED_SELECTOR = YES;
				GCC_WARN_UNINITIALIZED_AUTOS = YES_AGGRESSIVE;
				GCC_WARN_UNUSED_FUNCTION = YES;
				GCC_WARN_UNUSED_VARIABLE = YES;
				INFOPLIST_FILE = CarouselApp/Info.plist;
				IPHONEOS_DEPLOYMENT_TARGET = 14.3;
				MTL_ENABLE_DEBUG_INFO = INCLUDE_SOURCE;
				MTL_FAST_MATH = YES;
				ONLY_ACTIVE_ARCH = YES;
				PRODUCT_BUNDLE_IDENTIFIER = com.arbenmustafa.CarouselApp;
				PRODUCT_NAME = CarouselApp;
				SDKROOT = iphoneos;
				SWIFT_ACTIVE_COMPILATION_CONDITIONS = DEBUG;
				SWIFT_OPTIMIZATION_LEVEL = "-Onone";
			};
			name = Debug;
		};
		D4A7A5E625C6D6F700584B00 /* Release */ = {
			isa = XCBuildConfiguration;
			buildSettings = {
				ALWAYS_SEARCH_USER_PATHS = NO;
				CLANG_ANALYZER_NONNULL = YES;
				CLANG_ANALYZER_NUMBER_OBJECT_CONVERSION = YES_AGGRESSIVE;
				CLANG_CXX_LANGUAGE_STANDARD = "gnu++14";
				CLANG_CXX_LIBRARY = "libc++";
				CLANG_ENABLE_MODULES = YES;
				CLANG_ENABLE_OBJC_ARC = YES;
				CLANG_ENABLE_OBJC_WEAK = YES;
				CLANG_WARN_BLOCK_CAPTURE_AUTORELEASING = YES;
				CLANG_WARN_BOOL_CONVERSION = YES;
				CLANG_WARN_COMMA = YES;
				CLANG_WARN_CONSTANT_CONVERSION = YES;
				CLANG_WARN_DEPRECATED_OBJC_IMPLEMENTATIONS = YES;
				CLANG_WARN_DIRECT_OBJC_ISA_USAGE = YES_ERROR;
				CLANG_WARN_DOCUMENTATION_COMMENTS = YES;
				CLANG_WARN_EMPTY_BODY = YES;
				CLANG_WARN_ENUM_CONVERSION = YES;
				CLANG_WARN_INFINITE_RECURSION = YES;
				CLANG_WARN_INT_CONVERSION = YES;
				CLANG_WARN_NON_LITERAL_NULL_CONVERSION = YES;
				CLANG_WARN_OBJC_IMPLICIT_RETAIN_SELF = YES;
				CLANG_WARN_OBJC_LITERAL_CONVERSION = YES;
				CLANG_WARN_OBJC_ROOT_CLASS = YES_ERROR;
				CLANG_WARN_QUOTED_INCLUDE_IN_FRAMEWORK_HEADER = YES;
				CLANG_WARN_RANGE_LOOP_ANALYSIS = YES;
				CLANG_WARN_STRICT_PROTOTYPES = YES;
				CLANG_WARN_SUSPICIOUS_MOVE = YES;
				CLANG_WARN_UNGUARDED_AVAILABILITY = YES_AGGRESSIVE;
				CLANG_WARN_UNREACHABLE_CODE = YES;
				CLANG_WARN__DUPLICATE_METHOD_MATCH = YES;
				COPY_PHASE_STRIP = NO;
				DEBUG_INFORMATION_FORMAT = "dwarf-with-dsym";
				ENABLE_NS_ASSERTIONS = NO;
				ENABLE_STRICT_OBJC_MSGSEND = YES;
				GCC_C_LANGUAGE_STANDARD = gnu11;
				GCC_NO_COMMON_BLOCKS = YES;
				GCC_WARN_64_TO_32_BIT_CONVERSION = YES;
				GCC_WARN_ABOUT_RETURN_TYPE = YES_ERROR;
				GCC_WARN_UNDECLARED_SELECTOR = YES;
				GCC_WARN_UNINITIALIZED_AUTOS = YES_AGGRESSIVE;
				GCC_WARN_UNUSED_FUNCTION = YES;
				GCC_WARN_UNUSED_VARIABLE = YES;
				INFOPLIST_FILE = CarouselApp/Info.plist;
				IPHONEOS_DEPLOYMENT_TARGET = 14.3;
				MTL_ENABLE_DEBUG_INFO = NO;
				MTL_FAST_MATH = YES;
				PRODUCT_BUNDLE_IDENTIFIER = com.arbenmustafa.CarouselApp;
				PRODUCT_NAME = CarouselApp;
				SDKROOT = iphoneos;
				SWIFT_COMPILATION_MODE = wholemodule;
				SWIFT_OPTIMIZATION_LEVEL = "-O";
				VALIDATE_PRODUCT = YES;
			};
			name = Release;
		};
		D4A7A5E825C6D6F700584B00 /* Debug */ = {
			isa = XCBuildConfiguration;
			buildSettings = {
				ASSETCATALOG_COMPILER_GLOBAL_ACCENT_COLOR_NAME = AccentColor;
				CODE_SIGN_STYLE = Automatic;
				DEVELOPMENT_TEAM = 9K3958RPN8;
				INFOPLIST_FILE = "$(SRCROOT)/CarouselApp/Info.plist";
				LD_RUNPATH_SEARCH_PATHS = (
					"$(inherited)",
					"@executable_path/Frameworks",
				);
				PRODUCT_BUNDLE_IDENTIFIER = com.arbenmustafa.CarouselApp;
				PRODUCT_NAME = "$(TARGET_NAME)";
				SWIFT_VERSION = 5.0;
				TARGETED_DEVICE_FAMILY = 1;
			};
			name = Debug;
		};
		D4A7A5E925C6D6F700584B00 /* Release */ = {
			isa = XCBuildConfiguration;
			buildSettings = {
				ASSETCATALOG_COMPILER_GLOBAL_ACCENT_COLOR_NAME = AccentColor;
				CODE_SIGN_STYLE = Automatic;
				DEVELOPMENT_TEAM = 9K3958RPN8;
				INFOPLIST_FILE = "$(SRCROOT)/CarouselApp/Info.plist";
				LD_RUNPATH_SEARCH_PATHS = (
					"$(inherited)",
					"@executable_path/Frameworks",
				);
				PRODUCT_BUNDLE_IDENTIFIER = com.arbenmustafa.CarouselApp;
				PRODUCT_NAME = "$(TARGET_NAME)";
				SWIFT_VERSION = 5.0;
				TARGETED_DEVICE_FAMILY = 1;
			};
			name = Release;
		};
/* End XCBuildConfiguration section */

/* Begin XCConfigurationList section */
		D4A7A5CE25C6D6F200584B00 /* Build configuration list for PBXProject "CarouselApp" */ = {
			isa = XCConfigurationList;
			buildConfigurations = (
				D4A7A5E525C6D6F700584B00 /* Debug */,
				D4A7A5E625C6D6F700584B00 /* Release */,
			);
			defaultConfigurationIsVisible = 0;
			defaultConfigurationName = Release;
		};
		D4A7A5E725C6D6F700584B00 /* Build configuration list for PBXNativeTarget "CarouselApp" */ = {
			isa = XCConfigurationList;
			buildConfigurations = (
				D4A7A5E825C6D6F700584B00 /* Debug */,
				D4A7A5E925C6D6F700584B00 /* Release */,
			);
			defaultConfigurationIsVisible = 0;
			defaultConfigurationName = Release;
		};
/* End XCConfigurationList section */
	};
	rootObject = D4A7A5CB25C6D6F100584B00 /* Project object */;
}
